
Microsoft Visual Studio Solution File, Format Version 12.00
# Visual Studio Version 17
VisualStudioVersion = 17.7.34221.43
MinimumVisualStudioVersion = 10.0.40219.1
Project("{FAE04EC0-301F-11D3-BF4B-00C04F79EFBC}") = "ConAppAssignment-24", "ConAppAssignment-24\ConAppAssignment-24.csproj", "{B8DB3C6E-591A-427E-8F25-AE796B9E6F2E}"
EndProject
Global
	GlobalSection(SolutionConfigurationPlatforms) = preSolution
		Debug|Any CPU = Debug|Any CPU
		Release|Any CPU = Release|Any CPU
	EndGlobalSection
	GlobalSection(ProjectConfigurationPlatforms) = postSolution
		{B8DB3C6E-591A-427E-8F25-AE796B9E6F2E}.Debug|Any CPU.ActiveCfg = Debug|Any CPU
		{B8DB3C6E-591A-427E-8F25-AE796B9E6F2E}.Debug|Any CPU.Build.0 = Debug|Any CPU
		{B8DB3C6E-591A-427E-8F25-AE796B9E6F2E}.Release|Any CPU.ActiveCfg = Release|Any CPU
		{B8DB3C6E-591A-427E-8F25-AE796B9E6F2E}.Release|Any CPU.Build.0 = Release|Any CPU
	EndGlobalSection
	GlobalSection(SolutionProperties) = preSolution
		HideSolutionNode = FALSE
	EndGlobalSection
	GlobalSection(ExtensibilityGlobals) = postSolution
		SolutionGuid = {F4174957-3ACD-4F4A-A69C-833D23A37E5F}
	EndGlobalSection
EndGlobal
